
Microsoft Visual Studio Solution File, Format Version 12.00
# Visual Studio Version 17
VisualStudioVersion = 17.5.002.0
MinimumVisualStudioVersion = 10.0.40219.1
Project("{9A19103F-16F7-4668-BE54-9A1E7A4F7556}") = "PersonalGoalTrackerApi", "PersonalGoalTrackerApi.csproj", "{2D70FF37-DBD3-4AAE-A936-64A51C6B905C}"
EndProject
Global
	GlobalSection(SolutionConfigurationPlatforms) = preSolution
		Debug|Any CPU = Debug|Any CPU
		Release|Any CPU = Release|Any CPU
	EndGlobalSection
	GlobalSection(ProjectConfigurationPlatforms) = postSolution
		{2D70FF37-DBD3-4AAE-A936-64A51C6B905C}.Debug|Any CPU.ActiveCfg = Debug|Any CPU
		{2D70FF37-DBD3-4AAE-A936-64A51C6B905C}.Debug|Any CPU.Build.0 = Debug|Any CPU
		{2D70FF37-DBD3-4AAE-A936-64A51C6B905C}.Release|Any CPU.ActiveCfg = Release|Any CPU
		{2D70FF37-DBD3-4AAE-A936-64A51C6B905C}.Release|Any CPU.Build.0 = Release|Any CPU
	EndGlobalSection
	GlobalSection(SolutionProperties) = preSolution
		HideSolutionNode = FALSE
	EndGlobalSection
	GlobalSection(ExtensibilityGlobals) = postSolution
		SolutionGuid = {67F40AA7-D703-48A0-9963-C4F5DF9C710C}
	EndGlobalSection
EndGlobal
